
Microsoft Visual Studio Solution File, Format Version 12.00
# Visual Studio Version 17
VisualStudioVersion = 17.8.34330.188
MinimumVisualStudioVersion = 10.0.40219.1
Project("{2150E333-8FDC-42A3-9474-1A3956D46DE8}") = "src", "src", "{3275B9DC-6B71-4876-8E48-EC578B149AAC}"
EndProject
Project("{2150E333-8FDC-42A3-9474-1A3956D46DE8}") = "tests", "tests", "{371B8E5E-5FEA-4929-B4A2-847DDFCE0CE7}"
EndProject
Project("{9A19103F-16F7-4668-BE54-9A1E7A4F7556}") = "Novelbin.Core", "src\Novelbin.Core\Novelbin.Core.csproj", "{FCFE9D45-14D2-4A4A-B310-E5570BBF317C}"
EndProject
Project("{9A19103F-16F7-4668-BE54-9A1E7A4F7556}") = "Novelbin.API", "src\Novelbin.API\Novelbin.API.csproj", "{F63652A7-1740-4032-BE16-2E2834D7ACA8}"
EndProject
Project("{9A19103F-16F7-4668-BE54-9A1E7A4F7556}") = "Novelbin.Core.Tests", "tests\Novelbin.Core.Tests\Novelbin.Core.Tests.csproj", "{E0D9AFA5-1626-422D-908D-ACD69BC91603}"
EndProject
Project("{FAE04EC0-301F-11D3-BF4B-00C04F79EFBC}") = "Novelbin.Console", "src\Novelbin.Console\Novelbin.Console.csproj", "{533075B8-B0CA-413F-8282-A3CDA2C5F6C8}"
EndProject
Global
	GlobalSection(SolutionConfigurationPlatforms) = preSolution
		Debug|Any CPU = Debug|Any CPU
		Release|Any CPU = Release|Any CPU
	EndGlobalSection
	GlobalSection(ProjectConfigurationPlatforms) = postSolution
		{FCFE9D45-14D2-4A4A-B310-E5570BBF317C}.Debug|Any CPU.ActiveCfg = Debug|Any CPU
		{FCFE9D45-14D2-4A4A-B310-E5570BBF317C}.Debug|Any CPU.Build.0 = Debug|Any CPU
		{FCFE9D45-14D2-4A4A-B310-E5570BBF317C}.Release|Any CPU.ActiveCfg = Release|Any CPU
		{FCFE9D45-14D2-4A4A-B310-E5570BBF317C}.Release|Any CPU.Build.0 = Release|Any CPU
		{F63652A7-1740-4032-BE16-2E2834D7ACA8}.Debug|Any CPU.ActiveCfg = Debug|Any CPU
		{F63652A7-1740-4032-BE16-2E2834D7ACA8}.Debug|Any CPU.Build.0 = Debug|Any CPU
		{F63652A7-1740-4032-BE16-2E2834D7ACA8}.Release|Any CPU.ActiveCfg = Release|Any CPU
		{F63652A7-1740-4032-BE16-2E2834D7ACA8}.Release|Any CPU.Build.0 = Release|Any CPU
		{E0D9AFA5-1626-422D-908D-ACD69BC91603}.Debug|Any CPU.ActiveCfg = Debug|Any CPU
		{E0D9AFA5-1626-422D-908D-ACD69BC91603}.Debug|Any CPU.Build.0 = Debug|Any CPU
		{E0D9AFA5-1626-422D-908D-ACD69BC91603}.Release|Any CPU.ActiveCfg = Release|Any CPU
		{E0D9AFA5-1626-422D-908D-ACD69BC91603}.Release|Any CPU.Build.0 = Release|Any CPU
		{533075B8-B0CA-413F-8282-A3CDA2C5F6C8}.Debug|Any CPU.ActiveCfg = Debug|Any CPU
		{533075B8-B0CA-413F-8282-A3CDA2C5F6C8}.Debug|Any CPU.Build.0 = Debug|Any CPU
		{533075B8-B0CA-413F-8282-A3CDA2C5F6C8}.Release|Any CPU.ActiveCfg = Release|Any CPU
		{533075B8-B0CA-413F-8282-A3CDA2C5F6C8}.Release|Any CPU.Build.0 = Release|Any CPU
	EndGlobalSection
	GlobalSection(SolutionProperties) = preSolution
		HideSolutionNode = FALSE
	EndGlobalSection
	GlobalSection(NestedProjects) = preSolution
		{FCFE9D45-14D2-4A4A-B310-E5570BBF317C} = {3275B9DC-6B71-4876-8E48-EC578B149AAC}
		{F63652A7-1740-4032-BE16-2E2834D7ACA8} = {3275B9DC-6B71-4876-8E48-EC578B149AAC}
		{E0D9AFA5-1626-422D-908D-ACD69BC91603} = {371B8E5E-5FEA-4929-B4A2-847DDFCE0CE7}
		{533075B8-B0CA-413F-8282-A3CDA2C5F6C8} = {3275B9DC-6B71-4876-8E48-EC578B149AAC}
	EndGlobalSection
	GlobalSection(ExtensibilityGlobals) = postSolution
		SolutionGuid = {D4994728-DBA5-476B-BE05-F9F361D05A9E}
	EndGlobalSection
EndGlobal
